
Microsoft Visual Studio Solution File, Format Version 12.00
# Visual Studio 15
VisualStudioVersion = 15.0.27130.2036
MinimumVisualStudioVersion = 10.0.40219.1
Project("{FAE04EC0-301F-11D3-BF4B-00C04F79EFBC}") = "ULFG.Android", "ULFGMobile\ULFG.Android\ULFG.Android.csproj", "{45A14399-F870-47DD-8D8B-6DCF95C928E3}"
EndProject
Project("{9A19103F-16F7-4668-BE54-9A1E7A4F7556}") = "ULFG.Core", "ULFGMobile\ULFG.Core\ULFG.Core.csproj", "{6EA2015A-55D4-49E2-8F29-101CE9973D25}"
EndProject
Project("{9A19103F-16F7-4668-BE54-9A1E7A4F7556}") = "ULFG.Forms", "ULFGMobile\ULFG.Forms\ULFG.Forms.csproj", "{E7F73D36-A09C-494C-A7C1-D982E5AD8D30}"
EndProject
Project("{FAE04EC0-301F-11D3-BF4B-00C04F79EFBC}") = "ULFGService", "ULFGService\ULFGService.csproj", "{209FA716-A7AD-4095-BD70-C8710FC66FA7}"
EndProject
Project("{FAE04EC0-301F-11D3-BF4B-00C04F79EFBC}") = "ULFG.Tests", "ULFGMobile\ULFG.Tests\ULFG.Tests.csproj", "{1879A5CD-25CF-47F9-B97C-5CEE0023C1C2}"
EndProject
Project("{FAE04EC0-301F-11D3-BF4B-00C04F79EFBC}") = "ULFG.UWP", "ULFGMobile\ULFG.UWP\ULFG.UWP.csproj", "{C1973CEE-49CF-4B96-AE88-12397C04A062}"
EndProject
Global
	GlobalSection(SolutionConfigurationPlatforms) = preSolution
		Debug|Any CPU = Debug|Any CPU
		Debug|ARM = Debug|ARM
		Debug|x64 = Debug|x64
		Debug|x86 = Debug|x86
		Release|Any CPU = Release|Any CPU
		Release|ARM = Release|ARM
		Release|x64 = Release|x64
		Release|x86 = Release|x86
	EndGlobalSection
	GlobalSection(ProjectConfigurationPlatforms) = postSolution
		{45A14399-F870-47DD-8D8B-6DCF95C928E3}.Debug|Any CPU.ActiveCfg = Debug|Any CPU
		{45A14399-F870-47DD-8D8B-6DCF95C928E3}.Debug|Any CPU.Build.0 = Debug|Any CPU
		{45A14399-F870-47DD-8D8B-6DCF95C928E3}.Debug|Any CPU.Deploy.0 = Debug|Any CPU
		{45A14399-F870-47DD-8D8B-6DCF95C928E3}.Debug|ARM.ActiveCfg = Debug|Any CPU
		{45A14399-F870-47DD-8D8B-6DCF95C928E3}.Debug|ARM.Build.0 = Debug|Any CPU
		{45A14399-F870-47DD-8D8B-6DCF95C928E3}.Debug|ARM.Deploy.0 = Debug|Any CPU
		{45A14399-F870-47DD-8D8B-6DCF95C928E3}.Debug|x64.ActiveCfg = Debug|Any CPU
		{45A14399-F870-47DD-8D8B-6DCF95C928E3}.Debug|x64.Build.0 = Debug|Any CPU
		{45A14399-F870-47DD-8D8B-6DCF95C928E3}.Debug|x64.Deploy.0 = Debug|Any CPU
		{45A14399-F870-47DD-8D8B-6DCF95C928E3}.Debug|x86.ActiveCfg = Debug|Any CPU
		{45A14399-F870-47DD-8D8B-6DCF95C928E3}.Debug|x86.Build.0 = Debug|Any CPU
		{45A14399-F870-47DD-8D8B-6DCF95C928E3}.Debug|x86.Deploy.0 = Debug|Any CPU
		{45A14399-F870-47DD-8D8B-6DCF95C928E3}.Release|Any CPU.ActiveCfg = Release|Any CPU
		{45A14399-F870-47DD-8D8B-6DCF95C928E3}.Release|Any CPU.Build.0 = Release|Any CPU
		{45A14399-F870-47DD-8D8B-6DCF95C928E3}.Release|Any CPU.Deploy.0 = Release|Any CPU
		{45A14399-F870-47DD-8D8B-6DCF95C928E3}.Release|ARM.ActiveCfg = Release|Any CPU
		{45A14399-F870-47DD-8D8B-6DCF95C928E3}.Release|ARM.Build.0 = Release|Any CPU
		{45A14399-F870-47DD-8D8B-6DCF95C928E3}.Release|ARM.Deploy.0 = Release|Any CPU
		{45A14399-F870-47DD-8D8B-6DCF95C928E3}.Release|x64.ActiveCfg = Release|Any CPU
		{45A14399-F870-47DD-8D8B-6DCF95C928E3}.Release|x64.Build.0 = Release|Any CPU
		{45A14399-F870-47DD-8D8B-6DCF95C928E3}.Release|x64.Deploy.0 = Release|Any CPU
		{45A14399-F870-47DD-8D8B-6DCF95C928E3}.Release|x86.ActiveCfg = Release|Any CPU
		{45A14399-F870-47DD-8D8B-6DCF95C928E3}.Release|x86.Build.0 = Release|Any CPU
		{45A14399-F870-47DD-8D8B-6DCF95C928E3}.Release|x86.Deploy.0 = Release|Any CPU
		{6EA2015A-55D4-49E2-8F29-101CE9973D25}.Debug|Any CPU.ActiveCfg = Debug|Any CPU
		{6EA2015A-55D4-49E2-8F29-101CE9973D25}.Debug|Any CPU.Build.0 = Debug|Any CPU
		{6EA2015A-55D4-49E2-8F29-101CE9973D25}.Debug|ARM.ActiveCfg = Debug|Any CPU
		{6EA2015A-55D4-49E2-8F29-101CE9973D25}.Debug|ARM.Build.0 = Debug|Any CPU
		{6EA2015A-55D4-49E2-8F29-101CE9973D25}.Debug|x64.ActiveCfg = Debug|Any CPU
		{6EA2015A-55D4-49E2-8F29-101CE9973D25}.Debug|x64.Build.0 = Debug|Any CPU
		{6EA2015A-55D4-49E2-8F29-101CE9973D25}.Debug|x86.ActiveCfg = Debug|Any CPU
		{6EA2015A-55D4-49E2-8F29-101CE9973D25}.Debug|x86.Build.0 = Debug|Any CPU
		{6EA2015A-55D4-49E2-8F29-101CE9973D25}.Release|Any CPU.ActiveCfg = Release|Any CPU
		{6EA2015A-55D4-49E2-8F29-101CE9973D25}.Release|Any CPU.Build.0 = Release|Any CPU
		{6EA2015A-55D4-49E2-8F29-101CE9973D25}.Release|ARM.ActiveCfg = Release|Any CPU
		{6EA2015A-55D4-49E2-8F29-101CE9973D25}.Release|ARM.Build.0 = Release|Any CPU
		{6EA2015A-55D4-49E2-8F29-101CE9973D25}.Release|x64.ActiveCfg = Release|Any CPU
		{6EA2015A-55D4-49E2-8F29-101CE9973D25}.Release|x64.Build.0 = Release|Any CPU
		{6EA2015A-55D4-49E2-8F29-101CE9973D25}.Release|x86.ActiveCfg = Release|Any CPU
		{6EA2015A-55D4-49E2-8F29-101CE9973D25}.Release|x86.Build.0 = Release|Any CPU
		{E7F73D36-A09C-494C-A7C1-D982E5AD8D30}.Debug|Any CPU.ActiveCfg = Debug|Any CPU
		{E7F73D36-A09C-494C-A7C1-D982E5AD8D30}.Debug|Any CPU.Build.0 = Debug|Any CPU
		{E7F73D36-A09C-494C-A7C1-D982E5AD8D30}.Debug|ARM.ActiveCfg = Debug|Any CPU
		{E7F73D36-A09C-494C-A7C1-D982E5AD8D30}.Debug|ARM.Build.0 = Debug|Any CPU
		{E7F73D36-A09C-494C-A7C1-D982E5AD8D30}.Debug|x64.ActiveCfg = Debug|Any CPU
		{E7F73D36-A09C-494C-A7C1-D982E5AD8D30}.Debug|x64.Build.0 = Debug|Any CPU
		{E7F73D36-A09C-494C-A7C1-D982E5AD8D30}.Debug|x86.ActiveCfg = Debug|Any CPU
		{E7F73D36-A09C-494C-A7C1-D982E5AD8D30}.Debug|x86.Build.0 = Debug|Any CPU
		{E7F73D36-A09C-494C-A7C1-D982E5AD8D30}.Release|Any CPU.ActiveCfg = Release|Any CPU
		{E7F73D36-A09C-494C-A7C1-D982E5AD8D30}.Release|Any CPU.Build.0 = Release|Any CPU
		{E7F73D36-A09C-494C-A7C1-D982E5AD8D30}.Release|ARM.ActiveCfg = Release|Any CPU
		{E7F73D36-A09C-494C-A7C1-D982E5AD8D30}.Release|ARM.Build.0 = Release|Any CPU
		{E7F73D36-A09C-494C-A7C1-D982E5AD8D30}.Release|x64.ActiveCfg = Release|Any CPU
		{E7F73D36-A09C-494C-A7C1-D982E5AD8D30}.Release|x64.Build.0 = Release|Any CPU
		{E7F73D36-A09C-494C-A7C1-D982E5AD8D30}.Release|x86.ActiveCfg = Release|Any CPU
		{E7F73D36-A09C-494C-A7C1-D982E5AD8D30}.Release|x86.Build.0 = Release|Any CPU
		{209FA716-A7AD-4095-BD70-C8710FC66FA7}.Debug|Any CPU.ActiveCfg = Debug|Any CPU
		{209FA716-A7AD-4095-BD70-C8710FC66FA7}.Debug|Any CPU.Build.0 = Debug|Any CPU
		{209FA716-A7AD-4095-BD70-C8710FC66FA7}.Debug|ARM.ActiveCfg = Debug|Any CPU
		{209FA716-A7AD-4095-BD70-C8710FC66FA7}.Debug|ARM.Build.0 = Debug|Any CPU
		{209FA716-A7AD-4095-BD70-C8710FC66FA7}.Debug|x64.ActiveCfg = Debug|Any CPU
		{209FA716-A7AD-4095-BD70-C8710FC66FA7}.Debug|x64.Build.0 = Debug|Any CPU
		{209FA716-A7AD-4095-BD70-C8710FC66FA7}.Debug|x86.ActiveCfg = Debug|Any CPU
		{209FA716-A7AD-4095-BD70-C8710FC66FA7}.Debug|x86.Build.0 = Debug|Any CPU
		{209FA716-A7AD-4095-BD70-C8710FC66FA7}.Release|Any CPU.ActiveCfg = Release|Any CPU
		{209FA716-A7AD-4095-BD70-C8710FC66FA7}.Release|Any CPU.Build.0 = Release|Any CPU
		{209FA716-A7AD-4095-BD70-C8710FC66FA7}.Release|ARM.ActiveCfg = Release|Any CPU
		{209FA716-A7AD-4095-BD70-C8710FC66FA7}.Release|ARM.Build.0 = Release|Any CPU
		{209FA716-A7AD-4095-BD70-C8710FC66FA7}.Release|x64.ActiveCfg = Release|Any CPU
		{209FA716-A7AD-4095-BD70-C8710FC66FA7}.Release|x64.Build.0 = Release|Any CPU
		{209FA716-A7AD-4095-BD70-C8710FC66FA7}.Release|x86.ActiveCfg = Release|Any CPU
		{209FA716-A7AD-4095-BD70-C8710FC66FA7}.Release|x86.Build.0 = Release|Any CPU
		{1879A5CD-25CF-47F9-B97C-5CEE0023C1C2}.Debug|Any CPU.ActiveCfg = Debug|Any CPU
		{1879A5CD-25CF-47F9-B97C-5CEE0023C1C2}.Debug|Any CPU.Build.0 = Debug|Any CPU
		{1879A5CD-25CF-47F9-B97C-5CEE0023C1C2}.Debug|ARM.ActiveCfg = Debug|Any CPU
		{1879A5CD-25CF-47F9-B97C-5CEE0023C1C2}.Debug|ARM.Build.0 = Debug|Any CPU
		{1879A5CD-25CF-47F9-B97C-5CEE0023C1C2}.Debug|x64.ActiveCfg = Debug|Any CPU
		{1879A5CD-25CF-47F9-B97C-5CEE0023C1C2}.Debug|x64.Build.0 = Debug|Any CPU
		{1879A5CD-25CF-47F9-B97C-5CEE0023C1C2}.Debug|x86.ActiveCfg = Debug|Any CPU
		{1879A5CD-25CF-47F9-B97C-5CEE0023C1C2}.Debug|x86.Build.0 = Debug|Any CPU
		{1879A5CD-25CF-47F9-B97C-5CEE0023C1C2}.Release|Any CPU.ActiveCfg = Release|Any CPU
		{1879A5CD-25CF-47F9-B97C-5CEE0023C1C2}.Release|Any CPU.Build.0 = Release|Any CPU
		{1879A5CD-25CF-47F9-B97C-5CEE0023C1C2}.Release|ARM.ActiveCfg = Release|Any CPU
		{1879A5CD-25CF-47F9-B97C-5CEE0023C1C2}.Release|ARM.Build.0 = Release|Any CPU
		{1879A5CD-25CF-47F9-B97C-5CEE0023C1C2}.Release|x64.ActiveCfg = Release|Any CPU
		{1879A5CD-25CF-47F9-B97C-5CEE0023C1C2}.Release|x64.Build.0 = Release|Any CPU
		{1879A5CD-25CF-47F9-B97C-5CEE0023C1C2}.Release|x86.ActiveCfg = Release|Any CPU
		{1879A5CD-25CF-47F9-B97C-5CEE0023C1C2}.Release|x86.Build.0 = Release|Any CPU
		{C1973CEE-49CF-4B96-AE88-12397C04A062}.Debug|Any CPU.ActiveCfg = Debug|x86
		{C1973CEE-49CF-4B96-AE88-12397C04A062}.Debug|ARM.ActiveCfg = Debug|ARM
		{C1973CEE-49CF-4B96-AE88-12397C04A062}.Debug|ARM.Build.0 = Debug|ARM
		{C1973CEE-49CF-4B96-AE88-12397C04A062}.Debug|ARM.Deploy.0 = Debug|ARM
		{C1973CEE-49CF-4B96-AE88-12397C04A062}.Debug|x64.ActiveCfg = Debug|x64
		{C1973CEE-49CF-4B96-AE88-12397C04A062}.Debug|x64.Build.0 = Debug|x64
		{C1973CEE-49CF-4B96-AE88-12397C04A062}.Debug|x64.Deploy.0 = Debug|x64
		{C1973CEE-49CF-4B96-AE88-12397C04A062}.Debug|x86.ActiveCfg = Debug|x86
		{C1973CEE-49CF-4B96-AE88-12397C04A062}.Debug|x86.Build.0 = Debug|x86
		{C1973CEE-49CF-4B96-AE88-12397C04A062}.Debug|x86.Deploy.0 = Debug|x86
		{C1973CEE-49CF-4B96-AE88-12397C04A062}.Release|Any CPU.ActiveCfg = Release|x86
		{C1973CEE-49CF-4B96-AE88-12397C04A062}.Release|ARM.ActiveCfg = Release|ARM
		{C1973CEE-49CF-4B96-AE88-12397C04A062}.Release|ARM.Build.0 = Release|ARM
		{C1973CEE-49CF-4B96-AE88-12397C04A062}.Release|ARM.Deploy.0 = Release|ARM
		{C1973CEE-49CF-4B96-AE88-12397C04A062}.Release|x64.ActiveCfg = Release|x64
		{C1973CEE-49CF-4B96-AE88-12397C04A062}.Release|x64.Build.0 = Release|x64
		{C1973CEE-49CF-4B96-AE88-12397C04A062}.Release|x64.Deploy.0 = Release|x64
		{C1973CEE-49CF-4B96-AE88-12397C04A062}.Release|x86.ActiveCfg = Release|x86
		{C1973CEE-49CF-4B96-AE88-12397C04A062}.Release|x86.Build.0 = Release|x86
		{C1973CEE-49CF-4B96-AE88-12397C04A062}.Release|x86.Deploy.0 = Release|x86
	EndGlobalSection
	GlobalSection(SolutionProperties) = preSolution
		HideSolutionNode = FALSE
	EndGlobalSection
	GlobalSection(ExtensibilityGlobals) = postSolution
		SolutionGuid = {1AA89EFA-4B88-4C6A-8A55-4930C6F1130C}
	EndGlobalSection
EndGlobal
